// !$*UTF8*$!
{
	archiveVersion = 1;
	classes = {
	};
	objectVersion = 46;
	objects = {

/* Begin PBXBuildFile section */
		28988E7E1AFEAEBF00E8C654 /* main.c in Sources */ = {isa = PBXBuildFile; fileRef = 28988E7D1AFEAEBF00E8C654 /* main.c */; };
/* End PBXBuildFile section */

/* Begin PBXCopyFilesBuildPhase section */
		28988E781AFEAEBF00E8C654 /* CopyFiles */ = {
			isa = PBXCopyFilesBuildPhase;
			buildActionMask = 2147483647;
			dstPath = /usr/share/man/man1/;
			dstSubfolderSpec = 0;
			files = (
			);
			runOnlyForDeploymentPostprocessing = 1;
		};
/* End PBXCopyFilesBuildPhase section */

/* Begin PBXFileReference section */
		28988E7A1AFEAEBF00E8C654 /* three_n_plus_one_problem */ = {isa = PBXFileReference; explicitFileType = "compiled.mach-o.executable"; includeInIndex = 0; path = three_n_plus_one_problem; sourceTree = BUILT_PRODUCTS_DIR; };
		28988E7D1AFEAEBF00E8C654 /* main.c */ = {isa = PBXFileReference; lastKnownFileType = sourcecode.c.c; path = main.c; sourceTree = "<group>"; };
/* End PBXFileReference section */

/* Begin PBXFrameworksBuildPhase section */
		28988E771AFEAEBF00E8C654 /* Frameworks */ = {
			isa = PBXFrameworksBuildPhase;
			buildActionMask = 2147483647;
			files = (
			);
			runOnlyForDeploymentPostprocessing = 0;
		};
/* End PBXFrameworksBuildPhase section */

/* Begin PBXGroup section */
		28988E711AFEAEBF00E8C654 = {
			isa = PBXGroup;
			children = (
				28988E7C1AFEAEBF00E8C654 /* three_n_plus_one_problem */,
				28988E7B1AFEAEBF00E8C654 /* Products */,
			);
			sourceTree = "<group>";
		};
		28988E7B1AFEAEBF00E8C654 /* Products */ = {
			isa = PBXGroup;
			children = (
				28988E7A1AFEAEBF00E8C654 /* three_n_plus_one_problem */,
			);
			name = Products;
			sourceTree = "<group>";
		};
		28988E7C1AFEAEBF00E8C654 /* three_n_plus_one_problem */ = {
			isa = PBXGroup;
			children = (
				28988E7D1AFEAEBF00E8C654 /* main.c */,
			);
			path = three_n_plus_one_problem;
			sourceTree = "<group>";
		};
/* End PBXGroup section */

/* Begin PBXNativeTarget section */
		28988E791AFEAEBF00E8C654 /* three_n_plus_one_problem */ = {
			isa = PBXNativeTarget;
			buildConfigurationList = 28988E811AFEAEBF00E8C654 /* Build configuration list for PBXNativeTarget "three_n_plus_one_problem" */;
			buildPhases = (
				28988E761AFEAEBF00E8C654 /* Sources */,
				28988E771AFEAEBF00E8C654 /* Frameworks */,
				28988E781AFEAEBF00E8C654 /* CopyFiles */,
			);
			buildRules = (
			);
			dependencies = (
			);
			name = three_n_plus_one_problem;
			productName = three_n_plus_one_problem;
			productReference = 28988E7A1AFEAEBF00E8C654 /* three_n_plus_one_problem */;
			productType = "com.apple.product-type.tool";
		};
/* End PBXNativeTarget section */

/* Begin PBXProject section */
		28988E721AFEAEBF00E8C654 /* Project object */ = {
			isa = PBXProject;
			attributes = {
				LastUpgradeCheck = 0620;
				ORGANIZATIONNAME = "Saeed Aliyu";
				TargetAttributes = {
					28988E791AFEAEBF00E8C654 = {
						CreatedOnToolsVersion = 6.2;
					};
				};
			};
			buildConfigurationList = 28988E751AFEAEBF00E8C654 /* Build configuration list for PBXProject "three_n_plus_one_problem" */;
			compatibilityVersion = "Xcode 3.2";
			developmentRegion = English;
			hasScannedForEncodings = 0;
			knownRegions = (
				en,
			);
			mainGroup = 28988E711AFEAEBF00E8C654;
			productRefGroup = 28988E7B1AFEAEBF00E8C654 /* Products */;
			projectDirPath = "";
			projectRoot = "";
			targets = (
				28988E791AFEAEBF00E8C654 /* three_n_plus_one_problem */,
			);
		};
/* End PBXProject section */

/* Begin PBXSourcesBuildPhase section */
		28988E761AFEAEBF00E8C654 /* Sources */ = {
			isa = PBXSourcesBuildPhase;
			buildActionMask = 2147483647;
			files = (
				28988E7E1AFEAEBF00E8C654 /* main.c in Sources */,
			);
			runOnlyForDeploymentPostprocessing = 0;
		};
/* End PBXSourcesBuildPhase section */

/* Begin XCBuildConfiguration section */
		28988E7F1AFEAEBF00E8C654 /* Debug */ = {
			isa = XCBuildConfiguration;
			buildSettings = {
				ALWAYS_SEARCH_USER_PATHS = NO;
				CLANG_CXX_LANGUAGE_STANDARD = "gnu++0x";
				CLANG_CXX_LIBRARY = "libc++";
				CLANG_ENABLE_MODULES = YES;
				CLANG_ENABLE_OBJC_ARC = YES;
				CLANG_WARN_BOOL_CONVERSION = YES;
				CLANG_WARN_CONSTANT_CONVERSION = YES;
				CLANG_WARN_DIRECT_OBJC_ISA_USAGE = YES_ERROR;
				CLANG_WARN_EMPTY_BODY = YES;
				CLANG_WARN_ENUM_CONVERSION = YES;
				CLANG_WARN_INT_CONVERSION = YES;
				CLANG_WARN_OBJC_ROOT_CLASS = YES_ERROR;
				CLANG_WARN_UNREACHABLE_CODE = YES;
				CLANG_WARN__DUPLICATE_METHOD_MATCH = YES;
				COPY_PHASE_STRIP = NO;
				ENABLE_STRICT_OBJC_MSGSEND = YES;
				GCC_C_LANGUAGE_STANDARD = gnu99;
				GCC_DYNAMIC_NO_PIC = NO;
				GCC_OPTIMIZATION_LEVEL = 0;
				GCC_PREPROCESSOR_DEFINITIONS = (
					"DEBUG=1",
					"$(inherited)",
				);
				GCC_SYMBOLS_PRIVATE_EXTERN = NO;
				GCC_WARN_64_TO_32_BIT_CONVERSION = YES;
				GCC_WARN_ABOUT_RETURN_TYPE = YES_ERROR;
				GCC_WARN_UNDECLARED_SELECTOR = YES;
				GCC_WARN_UNINITIALIZED_AUTOS = YES_AGGRESSIVE;
				GCC_WARN_UNUSED_FUNCTION = YES;
				GCC_WARN_UNUSED_VARIABLE = YES;
				MACOSX_DEPLOYMENT_TARGET = 10.10;
				MTL_ENABLE_DEBUG_INFO = YES;
				ONLY_ACTIVE_ARCH = YES;
				SDKROOT = macosx;
			};
			name = Debug;
		};
		28988E801AFEAEBF00E8C654 /* Release */ = {
			isa = XCBuildConfiguration;
			buildSettings = {
				ALWAYS_SEARCH_USER_PATHS = NO;
				CLANG_CXX_LANGUAGE_STANDARD = "gnu++0x";
				CLANG_CXX_LIBRARY = "libc++";
				CLANG_ENABLE_MODULES = YES;
				CLANG_ENABLE_OBJC_ARC = YES;
				CLANG_WARN_BOOL_CONVERSION = YES;
				CLANG_WARN_CONSTANT_CONVERSION = YES;
				CLANG_WARN_DIRECT_OBJC_ISA_USAGE = YES_ERROR;
				CLANG_WARN_EMPTY_BODY = YES;
				CLANG_WARN_ENUM_CONVERSION = YES;
				CLANG_WARN_INT_CONVERSION = YES;
				CLANG_WARN_OBJC_ROOT_CLASS = YES_ERROR;
				CLANG_WARN_UNREACHABLE_CODE = YES;
				CLANG_WARN__DUPLICATE_METHOD_MATCH = YES;
				COPY_PHASE_STRIP = NO;
				DEBUG_INFORMATION_FORMAT = "dwarf-with-dsym";
				ENABLE_NS_ASSERTIONS = NO;
				ENABLE_STRICT_OBJC_MSGSEND = YES;
				GCC_C_LANGUAGE_STANDARD = gnu99;
				GCC_WARN_64_TO_32_BIT_CONVERSION = YES;
				GCC_WARN_ABOUT_RETURN_TYPE = YES_ERROR;
				GCC_WARN_UNDECLARED_SELECTOR = YES;
				GCC_WARN_UNINITIALIZED_AUTOS = YES_AGGRESSIVE;
				GCC_WARN_UNUSED_FUNCTION = YES;
				GCC_WARN_UNUSED_VARIABLE = YES;
				MACOSX_DEPLOYMENT_TARGET = 10.10;
				MTL_ENABLE_DEBUG_INFO = NO;
				SDKROOT = macosx;
			};
			name = Release;
		};
		28988E821AFEAEBF00E8C654 /* Debug */ = {
			isa = XCBuildConfiguration;
			buildSettings = {
				PRODUCT_NAME = "$(TARGET_NAME)";
			};
			name = Debug;
		};
		28988E831AFEAEBF00E8C654 /* Release */ = {
			isa = XCBuildConfiguration;
			buildSettings = {
				PRODUCT_NAME = "$(TARGET_NAME)";
			};
			name = Release;
		};
/* End XCBuildConfiguration section */

/* Begin XCConfigurationList section */
		28988E751AFEAEBF00E8C654 /* Build configuration list for PBXProject "three_n_plus_one_problem" */ = {
			isa = XCConfigurationList;
			buildConfigurations = (
				28988E7F1AFEAEBF00E8C654 /* Debug */,
				28988E801AFEAEBF00E8C654 /* Release */,
			);
			defaultConfigurationIsVisible = 0;
			defaultConfigurationName = Release;
		};
		28988E811AFEAEBF00E8C654 /* Build configuration list for PBXNativeTarget "three_n_plus_one_problem" */ = {
			isa = XCConfigurationList;
			buildConfigurations = (
				28988E821AFEAEBF00E8C654 /* Debug */,
				28988E831AFEAEBF00E8C654 /* Release */,
			);
			defaultConfigurationIsVisible = 0;
		};
/* End XCConfigurationList section */
	};
	rootObject = 28988E721AFEAEBF00E8C654 /* Project object */;
}
